// !$*UTF8*$!
{
	archiveVersion = 1;
	classes = {
	};
	objectVersion = 46;
	objects = {

/* Begin PBXBuildFile section */
		C42731F71D394E4400E6FB35 /* AppDelegate.swift in Sources */ = {isa = PBXBuildFile; fileRef = C42731F61D394E4400E6FB35 /* AppDelegate.swift */; };
		C42731F91D394E4400E6FB35 /* ViewController.swift in Sources */ = {isa = PBXBuildFile; fileRef = C42731F81D394E4400E6FB35 /* ViewController.swift */; };
		C42731FC1D394E4400E6FB35 /* Main.storyboard in Resources */ = {isa = PBXBuildFile; fileRef = C42731FA1D394E4400E6FB35 /* Main.storyboard */; };
		C42731FE1D394E4400E6FB35 /* Assets.xcassets in Resources */ = {isa = PBXBuildFile; fileRef = C42731FD1D394E4400E6FB35 /* Assets.xcassets */; };
		C42732011D394E4400E6FB35 /* LaunchScreen.storyboard in Resources */ = {isa = PBXBuildFile; fileRef = C42731FF1D394E4400E6FB35 /* LaunchScreen.storyboard */; };
/* End PBXBuildFile section */

/* Begin PBXFileReference section */
		C42731F31D394E4400E6FB35 /* PeticionISBN.app */ = {isa = PBXFileReference; explicitFileType = wrapper.application; includeInIndex = 0; path = PeticionISBN.app; sourceTree = BUILT_PRODUCTS_DIR; };
		C42731F61D394E4400E6FB35 /* AppDelegate.swift */ = {isa = PBXFileReference; lastKnownFileType = sourcecode.swift; path = AppDelegate.swift; sourceTree = "<group>"; };
		C42731F81D394E4400E6FB35 /* ViewController.swift */ = {isa = PBXFileReference; lastKnownFileType = sourcecode.swift; path = ViewController.swift; sourceTree = "<group>"; };
		C42731FB1D394E4400E6FB35 /* Base */ = {isa = PBXFileReference; lastKnownFileType = file.storyboard; name = Base; path = Base.lproj/Main.storyboard; sourceTree = "<group>"; };
		C42731FD1D394E4400E6FB35 /* Assets.xcassets */ = {isa = PBXFileReference; lastKnownFileType = folder.assetcatalog; path = Assets.xcassets; sourceTree = "<group>"; };
		C42732001D394E4400E6FB35 /* Base */ = {isa = PBXFileReference; lastKnownFileType = file.storyboard; name = Base; path = Base.lproj/LaunchScreen.storyboard; sourceTree = "<group>"; };
		C42732021D394E4400E6FB35 /* Info.plist */ = {isa = PBXFileReference; lastKnownFileType = text.plist.xml; path = Info.plist; sourceTree = "<group>"; };
/* End PBXFileReference section */

/* Begin PBXFrameworksBuildPhase section */
		C42731F01D394E4400E6FB35 /* Frameworks */ = {
			isa = PBXFrameworksBuildPhase;
			buildActionMask = 2147483647;
			files = (
			);
			runOnlyForDeploymentPostprocessing = 0;
		};
/* End PBXFrameworksBuildPhase section */

/* Begin PBXGroup section */
		C42731EA1D394E4400E6FB35 = {
			isa = PBXGroup;
			children = (
				C42731F51D394E4400E6FB35 /* PeticionISBN */,
				C42731F41D394E4400E6FB35 /* Products */,
			);
			sourceTree = "<group>";
		};
		C42731F41D394E4400E6FB35 /* Products */ = {
			isa = PBXGroup;
			children = (
				C42731F31D394E4400E6FB35 /* PeticionISBN.app */,
			);
			name = Products;
			sourceTree = "<group>";
		};
		C42731F51D394E4400E6FB35 /* PeticionISBN */ = {
			isa = PBXGroup;
			children = (
				C42731F61D394E4400E6FB35 /* AppDelegate.swift */,
				C42731F81D394E4400E6FB35 /* ViewController.swift */,
				C42731FA1D394E4400E6FB35 /* Main.storyboard */,
				C42731FD1D394E4400E6FB35 /* Assets.xcassets */,
				C42731FF1D394E4400E6FB35 /* LaunchScreen.storyboard */,
				C42732021D394E4400E6FB35 /* Info.plist */,
			);
			path = PeticionISBN;
			sourceTree = "<group>";
		};
/* End PBXGroup section */

/* Begin PBXNativeTarget section */
		C42731F21D394E4400E6FB35 /* PeticionISBN */ = {
			isa = PBXNativeTarget;
			buildConfigurationList = C42732051D394E4400E6FB35 /* Build configuration list for PBXNativeTarget "PeticionISBN" */;
			buildPhases = (
				C42731EF1D394E4400E6FB35 /* Sources */,
				C42731F01D394E4400E6FB35 /* Frameworks */,
				C42731F11D394E4400E6FB35 /* Resources */,
			);
			buildRules = (
			);
			dependencies = (
			);
			name = PeticionISBN;
			productName = PeticionISBN;
			productReference = C42731F31D394E4400E6FB35 /* PeticionISBN.app */;
			productType = "com.apple.product-type.application";
		};
/* End PBXNativeTarget section */

/* Begin PBXProject section */
		C42731EB1D394E4400E6FB35 /* Project object */ = {
			isa = PBXProject;
			attributes = {
				LastSwiftUpdateCheck = 0730;
				LastUpgradeCheck = 0730;
				ORGANIZATIONNAME = SebasFiol;
				TargetAttributes = {
					C42731F21D394E4400E6FB35 = {
						CreatedOnToolsVersion = 7.3.1;
						DevelopmentTeam = NH77L6EUQH;
					};
				};
			};
			buildConfigurationList = C42731EE1D394E4400E6FB35 /* Build configuration list for PBXProject "PeticionISBN" */;
			compatibilityVersion = "Xcode 3.2";
			developmentRegion = English;
			hasScannedForEncodings = 0;
			knownRegions = (
				en,
				Base,
			);
			mainGroup = C42731EA1D394E4400E6FB35;
			productRefGroup = C42731F41D394E4400E6FB35 /* Products */;
			projectDirPath = "";
			projectRoot = "";
			targets = (
				C42731F21D394E4400E6FB35 /* PeticionISBN */,
			);
		};
/* End PBXProject section */

/* Begin PBXResourcesBuildPhase section */
		C42731F11D394E4400E6FB35 /* Resources */ = {
			isa = PBXResourcesBuildPhase;
			buildActionMask = 2147483647;
			files = (
				C42732011D394E4400E6FB35 /* LaunchScreen.storyboard in Resources */,
				C42731FE1D394E4400E6FB35 /* Assets.xcassets in Resources */,
				C42731FC1D394E4400E6FB35 /* Main.storyboard in Resources */,
			);
			runOnlyForDeploymentPostprocessing = 0;
		};
/* End PBXResourcesBuildPhase section */

/* Begin PBXSourcesBuildPhase section */
		C42731EF1D394E4400E6FB35 /* Sources */ = {
			isa = PBXSourcesBuildPhase;
			buildActionMask = 2147483647;
			files = (
				C42731F91D394E4400E6FB35 /* ViewController.swift in Sources */,
				C42731F71D394E4400E6FB35 /* AppDelegate.swift in Sources */,
			);
			runOnlyForDeploymentPostprocessing = 0;
		};
/* End PBXSourcesBuildPhase section */

/* Begin PBXVariantGroup section */
		C42731FA1D394E4400E6FB35 /* Main.storyboard */ = {
			isa = PBXVariantGroup;
			children = (
				C42731FB1D394E4400E6FB35 /* Base */,
			);
			name = Main.storyboard;
			sourceTree = "<group>";
		};
		C42731FF1D394E4400E6FB35 /* LaunchScreen.storyboard */ = {
			isa = PBXVariantGroup;
			children = (
				C42732001D394E4400E6FB35 /* Base */,
			);
			name = LaunchScreen.storyboard;
			sourceTree = "<group>";
		};
/* End PBXVariantGroup section */

/* Begin XCBuildConfiguration section */
		C42732031D394E4400E6FB35 /* Debug */ = {
			isa = XCBuildConfiguration;
			buildSettings = {
				ALWAYS_SEARCH_USER_PATHS = NO;
				CLANG_ANALYZER_NONNULL = YES;
				CLANG_CXX_LANGUAGE_STANDARD = "gnu++0x";
				CLANG_CXX_LIBRARY = "libc++";
				CLANG_ENABLE_MODULES = YES;
				CLANG_ENABLE_OBJC_ARC = YES;
				CLANG_WARN_BOOL_CONVERSION = YES;
				CLANG_WARN_CONSTANT_CONVERSION = YES;
				CLANG_WARN_DIRECT_OBJC_ISA_USAGE = YES_ERROR;
				CLANG_WARN_EMPTY_BODY = YES;
				CLANG_WARN_ENUM_CONVERSION = YES;
				CLANG_WARN_INT_CONVERSION = YES;
				CLANG_WARN_OBJC_ROOT_CLASS = YES_ERROR;
				CLANG_WARN_UNREACHABLE_CODE = YES;
				CLANG_WARN__DUPLICATE_METHOD_MATCH = YES;
				"CODE_SIGN_IDENTITY[sdk=iphoneos*]" = "iPhone Developer";
				COPY_PHASE_STRIP = NO;
				DEBUG_INFORMATION_FORMAT = dwarf;
				ENABLE_STRICT_OBJC_MSGSEND = YES;
				ENABLE_TESTABILITY = YES;
				GCC_C_LANGUAGE_STANDARD = gnu99;
				GCC_DYNAMIC_NO_PIC = NO;
				GCC_NO_COMMON_BLOCKS = YES;
				GCC_OPTIMIZATION_LEVEL = 0;
				GCC_PREPROCESSOR_DEFINITIONS = (
					"DEBUG=1",
					"$(inherited)",
				);
				GCC_WARN_64_TO_32_BIT_CONVERSION = YES;
				GCC_WARN_ABOUT_RETURN_TYPE = YES_ERROR;
				GCC_WARN_UNDECLARED_SELECTOR = YES;
				GCC_WARN_UNINITIALIZED_AUTOS = YES_AGGRESSIVE;
				GCC_WARN_UNUSED_FUNCTION = YES;
				GCC_WARN_UNUSED_VARIABLE = YES;
				IPHONEOS_DEPLOYMENT_TARGET = 9.3;
				MTL_ENABLE_DEBUG_INFO = YES;
				ONLY_ACTIVE_ARCH = YES;
				SDKROOT = iphoneos;
				SWIFT_OPTIMIZATION_LEVEL = "-Onone";
				TARGETED_DEVICE_FAMILY = "1,2";
			};
			name = Debug;
		};
		C42732041D394E4400E6FB35 /* Release */ = {
			isa = XCBuildConfiguration;
			buildSettings = {
				ALWAYS_SEARCH_USER_PATHS = NO;
				CLANG_ANALYZER_NONNULL = YES;
				CLANG_CXX_LANGUAGE_STANDARD = "gnu++0x";
				CLANG_CXX_LIBRARY = "libc++";
				CLANG_ENABLE_MODULES = YES;
				CLANG_ENABLE_OBJC_ARC = YES;
				CLANG_WARN_BOOL_CONVERSION = YES;
				CLANG_WARN_CONSTANT_CONVERSION = YES;
				CLANG_WARN_DIRECT_OBJC_ISA_USAGE = YES_ERROR;
				CLANG_WARN_EMPTY_BODY = YES;
				CLANG_WARN_ENUM_CONVERSION = YES;
				CLANG_WARN_INT_CONVERSION = YES;
				CLANG_WARN_OBJC_ROOT_CLASS = YES_ERROR;
				CLANG_WARN_UNREACHABLE_CODE = YES;
				CLANG_WARN__DUPLICATE_METHOD_MATCH = YES;
				"CODE_SIGN_IDENTITY[sdk=iphoneos*]" = "iPhone Developer";
				COPY_PHASE_STRIP = NO;
				DEBUG_INFORMATION_FORMAT = "dwarf-with-dsym";
				ENABLE_NS_ASSERTIONS = NO;
				ENABLE_STRICT_OBJC_MSGSEND = YES;
				GCC_C_LANGUAGE_STANDARD = gnu99;
				GCC_NO_COMMON_BLOCKS = YES;
				GCC_WARN_64_TO_32_BIT_CONVERSION = YES;
				GCC_WARN_ABOUT_RETURN_TYPE = YES_ERROR;
				GCC_WARN_UNDECLARED_SELECTOR = YES;
				GCC_WARN_UNINITIALIZED_AUTOS = YES_AGGRESSIVE;
				GCC_WARN_UNUSED_FUNCTION = YES;
				GCC_WARN_UNUSED_VARIABLE = YES;
				IPHONEOS_DEPLOYMENT_TARGET = 9.3;
				MTL_ENABLE_DEBUG_INFO = NO;
				SDKROOT = iphoneos;
				TARGETED_DEVICE_FAMILY = "1,2";
				VALIDATE_PRODUCT = YES;
			};
			name = Release;
		};
		C42732061D394E4400E6FB35 /* Debug */ = {
			isa = XCBuildConfiguration;
			buildSettings = {
				ASSETCATALOG_COMPILER_APPICON_NAME = AppIcon;
				INFOPLIST_FILE = PeticionISBN/Info.plist;
				LD_RUNPATH_SEARCH_PATHS = "$(inherited) @executable_path/Frameworks";
				PRODUCT_BUNDLE_IDENTIFIER = com.efeefe.PeticionISBN;
				PRODUCT_NAME = "$(TARGET_NAME)";
			};
			name = Debug;
		};
		C42732071D394E4400E6FB35 /* Release */ = {
			isa = XCBuildConfiguration;
			buildSettings = {
				ASSETCATALOG_COMPILER_APPICON_NAME = AppIcon;
				INFOPLIST_FILE = PeticionISBN/Info.plist;
				LD_RUNPATH_SEARCH_PATHS = "$(inherited) @executable_path/Frameworks";
				PRODUCT_BUNDLE_IDENTIFIER = com.efeefe.PeticionISBN;
				PRODUCT_NAME = "$(TARGET_NAME)";
			};
			name = Release;
		};
/* End XCBuildConfiguration section */

/* Begin XCConfigurationList section */
		C42731EE1D394E4400E6FB35 /* Build configuration list for PBXProject "PeticionISBN" */ = {
			isa = XCConfigurationList;
			buildConfigurations = (
				C42732031D394E4400E6FB35 /* Debug */,
				C42732041D394E4400E6FB35 /* Release */,
			);
			defaultConfigurationIsVisible = 0;
			defaultConfigurationName = Release;
		};
		C42732051D394E4400E6FB35 /* Build configuration list for PBXNativeTarget "PeticionISBN" */ = {
			isa = XCConfigurationList;
			buildConfigurations = (
				C42732061D394E4400E6FB35 /* Debug */,
				C42732071D394E4400E6FB35 /* Release */,
			);
			defaultConfigurationIsVisible = 0;
		};
/* End XCConfigurationList section */
	};
	rootObject = C42731EB1D394E4400E6FB35 /* Project object */;
}
